<?xml version="1.0" encoding="utf-8"?>
<Project ToolsVersion="4.0" xmlns="http://schemas.microsoft.com/developer/msbuild/2003">
  <ItemGroup>
    <Filter Include="Source files">
      <UniqueIdentifier>{8b3dc55e-0a82-48c1-b4e7-9f66bb71a933}</UniqueIdentifier>
      <Extensions>cpp;c;cc;cxx;def;odl;idl;hpj;bat;asm;asmx</Extensions>
    </Filter>
    <Filter Include="Header files">
      <UniqueIdentifier>{ce83d040-8a9e-4929-86ca-c434a7826d96}</UniqueIdentifier>
      <Extensions>h;hpp;hxx;hm;inl;inc;xsd</Extensions>
    </Filter>
    <Filter Include="Resource files">
      <UniqueIdentifier>{2cd4bd81-3755-4d91-8ddc-e13070b39951}</UniqueIdentifier>
      <Extensions>rc;ico;cur;bmp;dlg;rc2;rct;bin;rgs;gif;jpg;jpeg;jpe;resx;tiff;tif;png;wav</Extensions>
    </Filter>
    <Filter Include="Source files\Drivers">
      <UniqueIdentifier>{842741e6-76f7-4a0e-8b5a-0ebd186691e6}</UniqueIdentifier>
    </Filter>
    <Filter Include="Source files\Drivers\CMSIS">
      <UniqueIdentifier>{c46fdd06-8e27-4cf2-b814-b84fa891d941}</UniqueIdentifier>
    </Filter>
    <Filter Include="Source files\Drivers\STM32F4xx_HAL_Driver">
      <UniqueIdentifier>{1bfa5a8c-4052-43bc-a6c8-50bfd9b65e9f}</UniqueIdentifier>
    </Filter>
    <Filter Include="Source files\Middlewares">
      <UniqueIdentifier>{fb3aa3d5-ee61-4242-a242-ee90bb371384}</UniqueIdentifier>
    </Filter>
    <Filter Include="Source files\Middlewares\FreeRTOS">
      <UniqueIdentifier>{1ef6d6d2-d56e-4109-aa06-c16e1cd85ac4}</UniqueIdentifier>
    </Filter>
    <Filter Include="Source files\Application">
      <UniqueIdentifier>{75a2de9c-cd71-41ed-9fad-9e2d7e5e191a}</UniqueIdentifier>
    </Filter>
    <Filter Include="Source files\Application\User">
      <UniqueIdentifier>{3c24f274-a8bf-489b-b79f-228c711cf5ed}</UniqueIdentifier>
    </Filter>
    <Filter Include="Source files\Application\User\Core">
      <UniqueIdentifier>{ca57bbb4-6f8b-4041-a78e-4d636ef82687}</UniqueIdentifier>
    </Filter>
    <Filter Include="Source files\Device-specific files">
      <UniqueIdentifier>{b35d4c1a-cd9b-478d-8956-0206376df856}</UniqueIdentifier>
    </Filter>
    <Filter Include="Header files\Drivers">
      <UniqueIdentifier>{5654b9ed-890c-4cd7-be45-956ce62f6b4a}</UniqueIdentifier>
    </Filter>
    <Filter Include="Header files\Drivers\CMSIS">
      <UniqueIdentifier>{1c55f8f0-03e0-4ed4-bff8-2ef515a31b0c}</UniqueIdentifier>
    </Filter>
    <Filter Include="Header files\Drivers\STM32F4xx_HAL_Driver">
      <UniqueIdentifier>{f524e6a8-1256-483d-9e1c-a6c7212919d0}</UniqueIdentifier>
    </Filter>
    <Filter Include="Header files\Middlewares">
      <UniqueIdentifier>{4809f171-3b90-42d7-aa44-c5e556a4b1ea}</UniqueIdentifier>
    </Filter>
    <Filter Include="Header files\Middlewares\FreeRTOS">
      <UniqueIdentifier>{c95889e8-6da8-4655-9701-dde340922188}</UniqueIdentifier>
    </Filter>
    <Filter Include="Header files\Application">
      <UniqueIdentifier>{3dea46b1-aa60-494e-9d83-107b96640c95}</UniqueIdentifier>
    </Filter>
    <Filter Include="Header files\Application\User">
      <UniqueIdentifier>{3aa6c4dc-3b62-4e00-bc87-7211fc3391cd}</UniqueIdentifier>
    </Filter>
    <Filter Include="Header files\Application\User\Core">
      <UniqueIdentifier>{2b6548bb-95fb-40aa-a412-ba56662b889a}</UniqueIdentifier>
    </Filter>
    <Filter Include="Header files\Device-specific files">
      <UniqueIdentifier>{cd4d5686-56b5-4012-ab84-ae80629faa04}</UniqueIdentifier>
    </Filter>
    <Filter Include="VisualGDB settings">
      <UniqueIdentifier>{d621a224-3495-4f8c-9bdb-bab9c1904742}</UniqueIdentifier>
    </Filter>
  </ItemGroup>
  <ItemGroup>
    <ClCompile Include="..\..\Core\Src\system_stm32f4xx.c">
      <Filter>Source files\Drivers\CMSIS</Filter>
    </ClCompile>
    <ClCompile Include="..\..\Drivers\STM32F4xx_HAL_Driver\Src\stm32f4xx_hal.c">
      <Filter>Source files\Drivers\STM32F4xx_HAL_Driver</Filter>
    </ClCompile>
    <ClCompile Include="..\..\Drivers\STM32F4xx_HAL_Driver\Src\stm32f4xx_hal_cortex.c">
      <Filter>Source files\Drivers\STM32F4xx_HAL_Driver</Filter>
    </ClCompile>
    <ClCompile Include="..\..\Drivers\STM32F4xx_HAL_Driver\Src\stm32f4xx_hal_dma.c">
      <Filter>Source files\Drivers\STM32F4xx_HAL_Driver</Filter>
    </ClCompile>
    <ClCompile Include="..\..\Drivers\STM32F4xx_HAL_Driver\Src\stm32f4xx_hal_dma_ex.c">
      <Filter>Source files\Drivers\STM32F4xx_HAL_Driver</Filter>
    </ClCompile>
    <ClCompile Include="..\..\Drivers\STM32F4xx_HAL_Driver\Src\stm32f4xx_hal_exti.c">
      <Filter>Source files\Drivers\STM32F4xx_HAL_Driver</Filter>
    </ClCompile>
    <ClCompile Include="..\..\Drivers\STM32F4xx_HAL_Driver\Src\stm32f4xx_hal_flash.c">
      <Filter>Source files\Drivers\STM32F4xx_HAL_Driver</Filter>
    </ClCompile>
    <ClCompile Include="..\..\Drivers\STM32F4xx_HAL_Driver\Src\stm32f4xx_hal_flash_ex.c">
      <Filter>Source files\Drivers\STM32F4xx_HAL_Driver</Filter>
    </ClCompile>
    <ClCompile Include="..\..\Drivers\STM32F4xx_HAL_Driver\Src\stm32f4xx_hal_flash_ramfunc.c">
      <Filter>Source files\Drivers\STM32F4xx_HAL_Driver</Filter>
    </ClCompile>
    <ClCompile Include="..\..\Drivers\STM32F4xx_HAL_Driver\Src\stm32f4xx_hal_gpio.c">
      <Filter>Source files\Drivers\STM32F4xx_HAL_Driver</Filter>
    </ClCompile>
    <ClCompile Include="..\..\Drivers\STM32F4xx_HAL_Driver\Src\stm32f4xx_hal_pwr.c">
      <Filter>Source files\Drivers\STM32F4xx_HAL_Driver</Filter>
    </ClCompile>
    <ClCompile Include="..\..\Drivers\STM32F4xx_HAL_Driver\Src\stm32f4xx_hal_pwr_ex.c">
      <Filter>Source files\Drivers\STM32F4xx_HAL_Driver</Filter>
    </ClCompile>
    <ClCompile Include="..\..\Drivers\STM32F4xx_HAL_Driver\Src\stm32f4xx_hal_rcc.c">
      <Filter>Source files\Drivers\STM32F4xx_HAL_Driver</Filter>
    </ClCompile>
    <ClCompile Include="..\..\Drivers\STM32F4xx_HAL_Driver\Src\stm32f4xx_hal_rcc_ex.c">
      <Filter>Source files\Drivers\STM32F4xx_HAL_Driver</Filter>
    </ClCompile>
    <ClCompile Include="..\..\Drivers\STM32F4xx_HAL_Driver\Src\stm32f4xx_hal_tim.c">
      <Filter>Source files\Drivers\STM32F4xx_HAL_Driver</Filter>
    </ClCompile>
    <ClCompile Include="..\..\Drivers\STM32F4xx_HAL_Driver\Src\stm32f4xx_hal_tim_ex.c">
      <Filter>Source files\Drivers\STM32F4xx_HAL_Driver</Filter>
    </ClCompile>
    <ClCompile Include="..\..\Middlewares\Third_Party\FreeRTOS\Source\CMSIS_RTOS\cmsis_os.c">
      <Filter>Source files\Middlewares\FreeRTOS</Filter>
    </ClCompile>
    <ClCompile Include="..\..\Middlewares\Third_Party\FreeRTOS\Source\croutine.c">
      <Filter>Source files\Middlewares\FreeRTOS</Filter>
    </ClCompile>
    <ClCompile Include="..\..\Middlewares\Third_Party\FreeRTOS\Source\event_groups.c">
      <Filter>Source files\Middlewares\FreeRTOS</Filter>
    </ClCompile>
    <ClCompile Include="..\..\Middlewares\Third_Party\FreeRTOS\Source\portable\MemMang\heap_4.c">
      <Filter>Source files\Middlewares\FreeRTOS</Filter>
    </ClCompile>
    <ClCompile Include="..\..\Middlewares\Third_Party\FreeRTOS\Source\list.c">
      <Filter>Source files\Middlewares\FreeRTOS</Filter>
    </ClCompile>
    <ClCompile Include="..\..\Middlewares\Third_Party\FreeRTOS\Source\portable\GCC\ARM_CM4F\port.c">
      <Filter>Source files\Middlewares\FreeRTOS</Filter>
    </ClCompile>
    <ClCompile Include="..\..\Middlewares\Third_Party\FreeRTOS\Source\queue.c">
      <Filter>Source files\Middlewares\FreeRTOS</Filter>
    </ClCompile>
    <ClCompile Include="..\..\Middlewares\Third_Party\FreeRTOS\Source\stream_buffer.c">
      <Filter>Source files\Middlewares\FreeRTOS</Filter>
    </ClCompile>
    <ClCompile Include="..\..\Middlewares\Third_Party\FreeRTOS\Source\tasks.c">
      <Filter>Source files\Middlewares\FreeRTOS</Filter>
    </ClCompile>
    <ClCompile Include="..\..\Middlewares\Third_Party\FreeRTOS\Source\timers.c">
      <Filter>Source files\Middlewares\FreeRTOS</Filter>
    </ClCompile>
    <ClCompile Include="..\..\Core\Src\freertos.c">
      <Filter>Source files\Application\User\Core</Filter>
    </ClCompile>
    <ClCompile Include="..\..\Core\Src\gpio.c">
      <Filter>Source files\Application\User\Core</Filter>
    </ClCompile>
    <ClCompile Include="..\..\Core\Src\main.c">
      <Filter>Source files\Application\User\Core</Filter>
    </ClCompile>
    <ClCompile Include="..\..\Core\Src\stm32f4xx_hal_msp.c">
      <Filter>Source files\Application\User\Core</Filter>
    </ClCompile>
    <ClCompile Include="..\..\Core\Src\stm32f4xx_hal_timebase_tim.c">
      <Filter>Source files\Application\User\Core</Filter>
    </ClCompile>
    <ClCompile Include="..\..\Core\Src\stm32f4xx_it.c">
      <Filter>Source files\Application\User\Core</Filter>
    </ClCompile>
    <None Include="stm32.props">
      <Filter>Source files\Device-specific files</Filter>
    </None>
    <ClCompile Include="$(BSP_ROOT)\STM32F4xxxx\StartupFiles\startup_stm32f427xx.c">
      <Filter>Source files\Device-specific files</Filter>
    </ClCompile>
    <ClInclude Include="..\..\Drivers\STM32F4xx_HAL_Driver\Inc\Legacy\stm32_hal_legacy.h">
      <Filter>Header files</Filter>
    </ClInclude>
    <ClInclude Include="..\..\Drivers\STM32F4xx_HAL_Driver\Inc\stm32f4xx_hal.h">
      <Filter>Header files\Drivers\STM32F4xx_HAL_Driver</Filter>
    </ClInclude>
    <ClInclude Include="..\..\Drivers\STM32F4xx_HAL_Driver\Inc\stm32f4xx_hal_cortex.h">
      <Filter>Header files\Drivers\STM32F4xx_HAL_Driver</Filter>
    </ClInclude>
    <ClInclude Include="..\..\Drivers\STM32F4xx_HAL_Driver\Inc\stm32f4xx_hal_def.h">
      <Filter>Header files\Drivers\STM32F4xx_HAL_Driver</Filter>
    </ClInclude>
    <ClInclude Include="..\..\Drivers\STM32F4xx_HAL_Driver\Inc\stm32f4xx_hal_dma.h">
      <Filter>Header files\Drivers\STM32F4xx_HAL_Driver</Filter>
    </ClInclude>
    <ClInclude Include="..\..\Drivers\STM32F4xx_HAL_Driver\Inc\stm32f4xx_hal_dma_ex.h">
      <Filter>Header files\Drivers\STM32F4xx_HAL_Driver</Filter>
    </ClInclude>
    <ClInclude Include="..\..\Drivers\STM32F4xx_HAL_Driver\Inc\stm32f4xx_hal_exti.h">
      <Filter>Header files\Drivers\STM32F4xx_HAL_Driver</Filter>
    </ClInclude>
    <ClInclude Include="..\..\Drivers\STM32F4xx_HAL_Driver\Inc\stm32f4xx_hal_flash.h">
      <Filter>Header files\Drivers\STM32F4xx_HAL_Driver</Filter>
    </ClInclude>
    <ClInclude Include="..\..\Drivers\STM32F4xx_HAL_Driver\Inc\stm32f4xx_hal_flash_ex.h">
      <Filter>Header files\Drivers\STM32F4xx_HAL_Driver</Filter>
    </ClInclude>
    <ClInclude Include="..\..\Drivers\STM32F4xx_HAL_Driver\Inc\stm32f4xx_hal_flash_ramfunc.h">
      <Filter>Header files\Drivers\STM32F4xx_HAL_Driver</Filter>
    </ClInclude>
    <ClInclude Include="..\..\Drivers\STM32F4xx_HAL_Driver\Inc\stm32f4xx_hal_gpio.h">
      <Filter>Header files\Drivers\STM32F4xx_HAL_Driver</Filter>
    </ClInclude>
    <ClInclude Include="..\..\Drivers\STM32F4xx_HAL_Driver\Inc\stm32f4xx_hal_gpio_ex.h">
      <Filter>Header files\Drivers\STM32F4xx_HAL_Driver</Filter>
    </ClInclude>
    <ClInclude Include="..\..\Drivers\STM32F4xx_HAL_Driver\Inc\stm32f4xx_hal_pwr.h">
      <Filter>Header files\Drivers\STM32F4xx_HAL_Driver</Filter>
    </ClInclude>
    <ClInclude Include="..\..\Drivers\STM32F4xx_HAL_Driver\Inc\stm32f4xx_hal_pwr_ex.h">
      <Filter>Header files\Drivers\STM32F4xx_HAL_Driver</Filter>
    </ClInclude>
    <ClInclude Include="..\..\Drivers\STM32F4xx_HAL_Driver\Inc\stm32f4xx_hal_rcc.h">
      <Filter>Header files\Drivers\STM32F4xx_HAL_Driver</Filter>
    </ClInclude>
    <ClInclude Include="..\..\Drivers\STM32F4xx_HAL_Driver\Inc\stm32f4xx_hal_rcc_ex.h">
      <Filter>Header files\Drivers\STM32F4xx_HAL_Driver</Filter>
    </ClInclude>
    <ClInclude Include="..\..\Drivers\STM32F4xx_HAL_Driver\Inc\stm32f4xx_hal_tim.h">
      <Filter>Header files\Drivers\STM32F4xx_HAL_Driver</Filter>
    </ClInclude>
    <ClInclude Include="..\..\Drivers\STM32F4xx_HAL_Driver\Inc\stm32f4xx_hal_tim_ex.h">
      <Filter>Header files\Drivers\STM32F4xx_HAL_Driver</Filter>
    </ClInclude>
    <ClInclude Include="..\..\Drivers\STM32F4xx_HAL_Driver\Inc\stm32f4xx_ll_bus.h">
      <Filter>Header files\Drivers\STM32F4xx_HAL_Driver</Filter>
    </ClInclude>
    <ClInclude Include="..\..\Drivers\STM32F4xx_HAL_Driver\Inc\stm32f4xx_ll_cortex.h">
      <Filter>Header files\Drivers\STM32F4xx_HAL_Driver</Filter>
    </ClInclude>
    <ClInclude Include="..\..\Drivers\STM32F4xx_HAL_Driver\Inc\stm32f4xx_ll_dma.h">
      <Filter>Header files\Drivers\STM32F4xx_HAL_Driver</Filter>
    </ClInclude>
    <ClInclude Include="..\..\Drivers\STM32F4xx_HAL_Driver\Inc\stm32f4xx_ll_exti.h">
      <Filter>Header files\Drivers\STM32F4xx_HAL_Driver</Filter>
    </ClInclude>
    <ClInclude Include="..\..\Drivers\STM32F4xx_HAL_Driver\Inc\stm32f4xx_ll_gpio.h">
      <Filter>Header files\Drivers\STM32F4xx_HAL_Driver</Filter>
    </ClInclude>
    <ClInclude Include="..\..\Drivers\STM32F4xx_HAL_Driver\Inc\stm32f4xx_ll_pwr.h">
      <Filter>Header files\Drivers\STM32F4xx_HAL_Driver</Filter>
    </ClInclude>
    <ClInclude Include="..\..\Drivers\STM32F4xx_HAL_Driver\Inc\stm32f4xx_ll_rcc.h">
      <Filter>Header files\Drivers\STM32F4xx_HAL_Driver</Filter>
    </ClInclude>
    <ClInclude Include="..\..\Drivers\STM32F4xx_HAL_Driver\Inc\stm32f4xx_ll_system.h">
      <Filter>Header files\Drivers\STM32F4xx_HAL_Driver</Filter>
    </ClInclude>
    <ClInclude Include="..\..\Drivers\STM32F4xx_HAL_Driver\Inc\stm32f4xx_ll_utils.h">
      <Filter>Header files\Drivers\STM32F4xx_HAL_Driver</Filter>
    </ClInclude>
    <ClInclude Include="..\..\Core\Inc\FreeRTOSConfig.h">
      <Filter>Header files\Application\User\Core</Filter>
    </ClInclude>
    <ClInclude Include="..\..\Core\Inc\gpio.h">
      <Filter>Header files\Application\User\Core</Filter>
    </ClInclude>
    <ClInclude Include="..\..\Core\Inc\main.h">
      <Filter>Header files\Application\User\Core</Filter>
    </ClInclude>
    <ClInclude Include="..\..\Core\Inc\stm32f4xx_hal_conf.h">
      <Filter>Header files\Application\User\Core</Filter>
    </ClInclude>
    <ClInclude Include="..\..\Core\Inc\stm32f4xx_it.h">
      <Filter>Header files\Application\User\Core</Filter>
    </ClInclude>
    <None Include="FreeRTOS_LED-Debug.vgdbsettings">
      <Filter>VisualGDB settings</Filter>
    </None>
    <None Include="FreeRTOS_LED-Release.vgdbsettings">
      <Filter>VisualGDB settings</Filter>
    </None>
    <None Include="stm32.xml">
      <Filter>VisualGDB settings</Filter>
    </None>
    <ClCompile Include="LED.c">
      <Filter>Source files</Filter>
    </ClCompile>
    <ClCompile Include="..\..\Core\Src\tim.c">
      <Filter>Source files\Application\User\Core</Filter>
    </ClCompile>
    <ClInclude Include="..\..\Drivers\STM32F4xx_HAL_Driver\Inc\stm32f4xx_ll_tim.h">
      <Filter>Header files\Drivers\STM32F4xx_HAL_Driver</Filter>
    </ClInclude>
    <ClInclude Include="..\..\Core\Inc\tim.h">
      <Filter>Header files\Application\User\Core</Filter>
    </ClInclude>
  </ItemGroup>
  <ItemGroup>
    <ClInclude Include="LED.h">
      <Filter>Header files</Filter>
    </ClInclude>
  </ItemGroup>
</Project>